// !$*UTF8*$!
{
	archiveVersion = 1;
	classes = {
	};
	objectVersion = 50;
	objects = {

/* Begin PBXBuildFile section */
		84268E21237F0DE000C3E340 /* AppDelegate.swift in Sources */ = {isa = PBXBuildFile; fileRef = 84268E20237F0DE000C3E340 /* AppDelegate.swift */; };
		84268E28237F0DE100C3E340 /* Assets.xcassets in Resources */ = {isa = PBXBuildFile; fileRef = 84268E27237F0DE100C3E340 /* Assets.xcassets */; };
		84268E2B237F0DE100C3E340 /* LaunchScreen.storyboard in Resources */ = {isa = PBXBuildFile; fileRef = 84268E29237F0DE100C3E340 /* LaunchScreen.storyboard */; };
		84268E35237F0E5300C3E340 /* GreetingViewController.swift in Sources */ = {isa = PBXBuildFile; fileRef = 84268E34237F0E5300C3E340 /* GreetingViewController.swift */; };
		84268E37237F0FD800C3E340 /* MainViewController.swift in Sources */ = {isa = PBXBuildFile; fileRef = 84268E36237F0FD800C3E340 /* MainViewController.swift */; };
		84268E3F237F1BB100C3E340 /* cards.txt in Resources */ = {isa = PBXBuildFile; fileRef = 84268E3E237F1BB100C3E340 /* cards.txt */; };
		84268E41237F2AB000C3E340 /* ValidationResultCell.swift in Sources */ = {isa = PBXBuildFile; fileRef = 84268E40237F2AB000C3E340 /* ValidationResultCell.swift */; };
		84268E48237F39A900C3E340 /* CardValidator.framework in Frameworks */ = {isa = PBXBuildFile; fileRef = 84268E46237F391500C3E340 /* CardValidator.framework */; };
		84268E49237F39A900C3E340 /* CardValidator.framework in Embed Frameworks */ = {isa = PBXBuildFile; fileRef = 84268E46237F391500C3E340 /* CardValidator.framework */; settings = {ATTRIBUTES = (CodeSignOnCopy, RemoveHeadersOnCopy, ); }; };
		84268E4B237F3F8D00C3E340 /* ResultsHeader.swift in Sources */ = {isa = PBXBuildFile; fileRef = 84268E4A237F3F8D00C3E340 /* ResultsHeader.swift */; };
/* End PBXBuildFile section */

/* Begin PBXCopyFilesBuildPhase section */
		84268E3D237F182D00C3E340 /* Embed Frameworks */ = {
			isa = PBXCopyFilesBuildPhase;
			buildActionMask = 2147483647;
			dstPath = "";
			dstSubfolderSpec = 10;
			files = (
				84268E49237F39A900C3E340 /* CardValidator.framework in Embed Frameworks */,
			);
			name = "Embed Frameworks";
			runOnlyForDeploymentPostprocessing = 0;
		};
/* End PBXCopyFilesBuildPhase section */

/* Begin PBXFileReference section */
		84268E1D237F0DE000C3E340 /* CardValidationTest.app */ = {isa = PBXFileReference; explicitFileType = wrapper.application; includeInIndex = 0; path = CardValidationTest.app; sourceTree = BUILT_PRODUCTS_DIR; };
		84268E20237F0DE000C3E340 /* AppDelegate.swift */ = {isa = PBXFileReference; lastKnownFileType = sourcecode.swift; path = AppDelegate.swift; sourceTree = "<group>"; };
		84268E27237F0DE100C3E340 /* Assets.xcassets */ = {isa = PBXFileReference; lastKnownFileType = folder.assetcatalog; path = Assets.xcassets; sourceTree = "<group>"; };
		84268E2A237F0DE100C3E340 /* Base */ = {isa = PBXFileReference; lastKnownFileType = file.storyboard; name = Base; path = Base.lproj/LaunchScreen.storyboard; sourceTree = "<group>"; };
		84268E2C237F0DE100C3E340 /* Info.plist */ = {isa = PBXFileReference; lastKnownFileType = text.plist.xml; path = Info.plist; sourceTree = "<group>"; };
		84268E34237F0E5300C3E340 /* GreetingViewController.swift */ = {isa = PBXFileReference; lastKnownFileType = sourcecode.swift; path = GreetingViewController.swift; sourceTree = "<group>"; };
		84268E36237F0FD800C3E340 /* MainViewController.swift */ = {isa = PBXFileReference; lastKnownFileType = sourcecode.swift; path = MainViewController.swift; sourceTree = "<group>"; };
		84268E3E237F1BB100C3E340 /* cards.txt */ = {isa = PBXFileReference; lastKnownFileType = text; path = cards.txt; sourceTree = "<group>"; };
		84268E40237F2AB000C3E340 /* ValidationResultCell.swift */ = {isa = PBXFileReference; lastKnownFileType = sourcecode.swift; path = ValidationResultCell.swift; sourceTree = "<group>"; };
		84268E46237F391500C3E340 /* CardValidator.framework */ = {isa = PBXFileReference; lastKnownFileType = wrapper.framework; path = CardValidator.framework; sourceTree = "<group>"; };
		84268E4A237F3F8D00C3E340 /* ResultsHeader.swift */ = {isa = PBXFileReference; lastKnownFileType = sourcecode.swift; path = ResultsHeader.swift; sourceTree = "<group>"; };
/* End PBXFileReference section */

/* Begin PBXFrameworksBuildPhase section */
		84268E1A237F0DE000C3E340 /* Frameworks */ = {
			isa = PBXFrameworksBuildPhase;
			buildActionMask = 2147483647;
			files = (
				84268E48237F39A900C3E340 /* CardValidator.framework in Frameworks */,
			);
			runOnlyForDeploymentPostprocessing = 0;
		};
/* End PBXFrameworksBuildPhase section */

/* Begin PBXGroup section */
		84268E14237F0DE000C3E340 = {
			isa = PBXGroup;
			children = (
				84268E1F237F0DE000C3E340 /* CardValidationTest */,
				84268E1E237F0DE000C3E340 /* Products */,
				84268E38237F15A800C3E340 /* Frameworks */,
			);
			sourceTree = "<group>";
		};
		84268E1E237F0DE000C3E340 /* Products */ = {
			isa = PBXGroup;
			children = (
				84268E1D237F0DE000C3E340 /* CardValidationTest.app */,
			);
			name = Products;
			sourceTree = "<group>";
		};
		84268E1F237F0DE000C3E340 /* CardValidationTest */ = {
			isa = PBXGroup;
			children = (
				84268E33237F0E1C00C3E340 /* ViewControllers */,
				84268E32237F0DF900C3E340 /* Environment */,
			);
			path = CardValidationTest;
			sourceTree = "<group>";
		};
		84268E32237F0DF900C3E340 /* Environment */ = {
			isa = PBXGroup;
			children = (
				84268E20237F0DE000C3E340 /* AppDelegate.swift */,
				84268E27237F0DE100C3E340 /* Assets.xcassets */,
				84268E29237F0DE100C3E340 /* LaunchScreen.storyboard */,
				84268E2C237F0DE100C3E340 /* Info.plist */,
			);
			path = Environment;
			sourceTree = "<group>";
		};
		84268E33237F0E1C00C3E340 /* ViewControllers */ = {
			isa = PBXGroup;
			children = (
				84268E34237F0E5300C3E340 /* GreetingViewController.swift */,
				84268E36237F0FD800C3E340 /* MainViewController.swift */,
				84268E40237F2AB000C3E340 /* ValidationResultCell.swift */,
				84268E4A237F3F8D00C3E340 /* ResultsHeader.swift */,
				84268E3E237F1BB100C3E340 /* cards.txt */,
			);
			path = ViewControllers;
			sourceTree = "<group>";
		};
		84268E38237F15A800C3E340 /* Frameworks */ = {
			isa = PBXGroup;
			children = (
				84268E46237F391500C3E340 /* CardValidator.framework */,
			);
			name = Frameworks;
			sourceTree = "<group>";
		};
/* End PBXGroup section */

/* Begin PBXNativeTarget section */
		84268E1C237F0DE000C3E340 /* CardValidationTest */ = {
			isa = PBXNativeTarget;
			buildConfigurationList = 84268E2F237F0DE100C3E340 /* Build configuration list for PBXNativeTarget "CardValidationTest" */;
			buildPhases = (
				84268E19237F0DE000C3E340 /* Sources */,
				84268E1A237F0DE000C3E340 /* Frameworks */,
				84268E1B237F0DE000C3E340 /* Resources */,
				84268E3D237F182D00C3E340 /* Embed Frameworks */,
			);
			buildRules = (
			);
			dependencies = (
			);
			name = CardValidationTest;
			productName = CardValidationTest;
			productReference = 84268E1D237F0DE000C3E340 /* CardValidationTest.app */;
			productType = "com.apple.product-type.application";
		};
/* End PBXNativeTarget section */

/* Begin PBXProject section */
		84268E15237F0DE000C3E340 /* Project object */ = {
			isa = PBXProject;
			attributes = {
				LastSwiftUpdateCheck = 1030;
				LastUpgradeCheck = 1030;
				ORGANIZATIONNAME = "Станислав Шияновский";
				TargetAttributes = {
					84268E1C237F0DE000C3E340 = {
						CreatedOnToolsVersion = 10.3;
					};
				};
			};
			buildConfigurationList = 84268E18237F0DE000C3E340 /* Build configuration list for PBXProject "CardValidationTest" */;
			compatibilityVersion = "Xcode 9.3";
			developmentRegion = en;
			hasScannedForEncodings = 0;
			knownRegions = (
				en,
				Base,
			);
			mainGroup = 84268E14237F0DE000C3E340;
			productRefGroup = 84268E1E237F0DE000C3E340 /* Products */;
			projectDirPath = "";
			projectRoot = "";
			targets = (
				84268E1C237F0DE000C3E340 /* CardValidationTest */,
			);
		};
/* End PBXProject section */

/* Begin PBXResourcesBuildPhase section */
		84268E1B237F0DE000C3E340 /* Resources */ = {
			isa = PBXResourcesBuildPhase;
			buildActionMask = 2147483647;
			files = (
				84268E2B237F0DE100C3E340 /* LaunchScreen.storyboard in Resources */,
				84268E3F237F1BB100C3E340 /* cards.txt in Resources */,
				84268E28237F0DE100C3E340 /* Assets.xcassets in Resources */,
			);
			runOnlyForDeploymentPostprocessing = 0;
		};
/* End PBXResourcesBuildPhase section */

/* Begin PBXSourcesBuildPhase section */
		84268E19237F0DE000C3E340 /* Sources */ = {
			isa = PBXSourcesBuildPhase;
			buildActionMask = 2147483647;
			files = (
				84268E37237F0FD800C3E340 /* MainViewController.swift in Sources */,
				84268E4B237F3F8D00C3E340 /* ResultsHeader.swift in Sources */,
				84268E21237F0DE000C3E340 /* AppDelegate.swift in Sources */,
				84268E35237F0E5300C3E340 /* GreetingViewController.swift in Sources */,
				84268E41237F2AB000C3E340 /* ValidationResultCell.swift in Sources */,
			);
			runOnlyForDeploymentPostprocessing = 0;
		};
/* End PBXSourcesBuildPhase section */

/* Begin PBXVariantGroup section */
		84268E29237F0DE100C3E340 /* LaunchScreen.storyboard */ = {
			isa = PBXVariantGroup;
			children = (
				84268E2A237F0DE100C3E340 /* Base */,
			);
			name = LaunchScreen.storyboard;
			sourceTree = "<group>";
		};
/* End PBXVariantGroup section */

/* Begin XCBuildConfiguration section */
		84268E2D237F0DE100C3E340 /* Debug */ = {
			isa = XCBuildConfiguration;
			buildSettings = {
				ALWAYS_SEARCH_USER_PATHS = NO;
				CLANG_ANALYZER_NONNULL = YES;
				CLANG_ANALYZER_NUMBER_OBJECT_CONVERSION = YES_AGGRESSIVE;
				CLANG_CXX_LANGUAGE_STANDARD = "gnu++14";
				CLANG_CXX_LIBRARY = "libc++";
				CLANG_ENABLE_MODULES = YES;
				CLANG_ENABLE_OBJC_ARC = YES;
				CLANG_ENABLE_OBJC_WEAK = YES;
				CLANG_WARN_BLOCK_CAPTURE_AUTORELEASING = YES;
				CLANG_WARN_BOOL_CONVERSION = YES;
				CLANG_WARN_COMMA = YES;
				CLANG_WARN_CONSTANT_CONVERSION = YES;
				CLANG_WARN_DEPRECATED_OBJC_IMPLEMENTATIONS = YES;
				CLANG_WARN_DIRECT_OBJC_ISA_USAGE = YES_ERROR;
				CLANG_WARN_DOCUMENTATION_COMMENTS = YES;
				CLANG_WARN_EMPTY_BODY = YES;
				CLANG_WARN_ENUM_CONVERSION = YES;
				CLANG_WARN_INFINITE_RECURSION = YES;
				CLANG_WARN_INT_CONVERSION = YES;
				CLANG_WARN_NON_LITERAL_NULL_CONVERSION = YES;
				CLANG_WARN_OBJC_IMPLICIT_RETAIN_SELF = YES;
				CLANG_WARN_OBJC_LITERAL_CONVERSION = YES;
				CLANG_WARN_OBJC_ROOT_CLASS = YES_ERROR;
				CLANG_WARN_RANGE_LOOP_ANALYSIS = YES;
				CLANG_WARN_STRICT_PROTOTYPES = YES;
				CLANG_WARN_SUSPICIOUS_MOVE = YES;
				CLANG_WARN_UNGUARDED_AVAILABILITY = YES_AGGRESSIVE;
				CLANG_WARN_UNREACHABLE_CODE = YES;
				CLANG_WARN__DUPLICATE_METHOD_MATCH = YES;
				CODE_SIGN_IDENTITY = "iPhone Developer";
				COPY_PHASE_STRIP = NO;
				DEBUG_INFORMATION_FORMAT = dwarf;
				ENABLE_STRICT_OBJC_MSGSEND = YES;
				ENABLE_TESTABILITY = YES;
				GCC_C_LANGUAGE_STANDARD = gnu11;
				GCC_DYNAMIC_NO_PIC = NO;
				GCC_NO_COMMON_BLOCKS = YES;
				GCC_OPTIMIZATION_LEVEL = 0;
				GCC_PREPROCESSOR_DEFINITIONS = (
					"DEBUG=1",
					"$(inherited)",
				);
				GCC_WARN_64_TO_32_BIT_CONVERSION = YES;
				GCC_WARN_ABOUT_RETURN_TYPE = YES_ERROR;
				GCC_WARN_UNDECLARED_SELECTOR = YES;
				GCC_WARN_UNINITIALIZED_AUTOS = YES_AGGRESSIVE;
				GCC_WARN_UNUSED_FUNCTION = YES;
				GCC_WARN_UNUSED_VARIABLE = YES;
				IPHONEOS_DEPLOYMENT_TARGET = 12.4;
				MTL_ENABLE_DEBUG_INFO = INCLUDE_SOURCE;
				MTL_FAST_MATH = YES;
				ONLY_ACTIVE_ARCH = YES;
				SDKROOT = iphoneos;
				SWIFT_ACTIVE_COMPILATION_CONDITIONS = DEBUG;
				SWIFT_OPTIMIZATION_LEVEL = "-Onone";
			};
			name = Debug;
		};
		84268E2E237F0DE100C3E340 /* Release */ = {
			isa = XCBuildConfiguration;
			buildSettings = {
				ALWAYS_SEARCH_USER_PATHS = NO;
				CLANG_ANALYZER_NONNULL = YES;
				CLANG_ANALYZER_NUMBER_OBJECT_CONVERSION = YES_AGGRESSIVE;
				CLANG_CXX_LANGUAGE_STANDARD = "gnu++14";
				CLANG_CXX_LIBRARY = "libc++";
				CLANG_ENABLE_MODULES = YES;
				CLANG_ENABLE_OBJC_ARC = YES;
				CLANG_ENABLE_OBJC_WEAK = YES;
				CLANG_WARN_BLOCK_CAPTURE_AUTORELEASING = YES;
				CLANG_WARN_BOOL_CONVERSION = YES;
				CLANG_WARN_COMMA = YES;
				CLANG_WARN_CONSTANT_CONVERSION = YES;
				CLANG_WARN_DEPRECATED_OBJC_IMPLEMENTATIONS = YES;
				CLANG_WARN_DIRECT_OBJC_ISA_USAGE = YES_ERROR;
				CLANG_WARN_DOCUMENTATION_COMMENTS = YES;
				CLANG_WARN_EMPTY_BODY = YES;
				CLANG_WARN_ENUM_CONVERSION = YES;
				CLANG_WARN_INFINITE_RECURSION = YES;
				CLANG_WARN_INT_CONVERSION = YES;
				CLANG_WARN_NON_LITERAL_NULL_CONVERSION = YES;
				CLANG_WARN_OBJC_IMPLICIT_RETAIN_SELF = YES;
				CLANG_WARN_OBJC_LITERAL_CONVERSION = YES;
				CLANG_WARN_OBJC_ROOT_CLASS = YES_ERROR;
				CLANG_WARN_RANGE_LOOP_ANALYSIS = YES;
				CLANG_WARN_STRICT_PROTOTYPES = YES;
				CLANG_WARN_SUSPICIOUS_MOVE = YES;
				CLANG_WARN_UNGUARDED_AVAILABILITY = YES_AGGRESSIVE;
				CLANG_WARN_UNREACHABLE_CODE = YES;
				CLANG_WARN__DUPLICATE_METHOD_MATCH = YES;
				CODE_SIGN_IDENTITY = "iPhone Developer";
				COPY_PHASE_STRIP = NO;
				DEBUG_INFORMATION_FORMAT = "dwarf-with-dsym";
				ENABLE_NS_ASSERTIONS = NO;
				ENABLE_STRICT_OBJC_MSGSEND = YES;
				GCC_C_LANGUAGE_STANDARD = gnu11;
				GCC_NO_COMMON_BLOCKS = YES;
				GCC_WARN_64_TO_32_BIT_CONVERSION = YES;
				GCC_WARN_ABOUT_RETURN_TYPE = YES_ERROR;
				GCC_WARN_UNDECLARED_SELECTOR = YES;
				GCC_WARN_UNINITIALIZED_AUTOS = YES_AGGRESSIVE;
				GCC_WARN_UNUSED_FUNCTION = YES;
				GCC_WARN_UNUSED_VARIABLE = YES;
				IPHONEOS_DEPLOYMENT_TARGET = 12.4;
				MTL_ENABLE_DEBUG_INFO = NO;
				MTL_FAST_MATH = YES;
				SDKROOT = iphoneos;
				SWIFT_COMPILATION_MODE = wholemodule;
				SWIFT_OPTIMIZATION_LEVEL = "-O";
				VALIDATE_PRODUCT = YES;
			};
			name = Release;
		};
		84268E30237F0DE100C3E340 /* Debug */ = {
			isa = XCBuildConfiguration;
			buildSettings = {
				ASSETCATALOG_COMPILER_APPICON_NAME = AppIcon;
				CODE_SIGN_STYLE = Automatic;
				DEVELOPMENT_TEAM = 3PTYV272Z4;
				FRAMEWORK_SEARCH_PATHS = (
					"$(inherited)",
					"$(PROJECT_DIR)/Frameworks",
					"$(PROJECT_DIR)",
				);
				INFOPLIST_FILE = "$(SRCROOT)/CardValidationTest/Environment/Info.plist";
				LD_RUNPATH_SEARCH_PATHS = (
					"$(inherited)",
					"@executable_path/Frameworks",
				);
				PRODUCT_BUNDLE_IDENTIFIER = com.ua.kr.ssh.CardValidationTest;
				PRODUCT_NAME = "$(TARGET_NAME)";
				SWIFT_VERSION = 5.0;
				TARGETED_DEVICE_FAMILY = 1;
			};
			name = Debug;
		};
		84268E31237F0DE100C3E340 /* Release */ = {
			isa = XCBuildConfiguration;
			buildSettings = {
				ASSETCATALOG_COMPILER_APPICON_NAME = AppIcon;
				CODE_SIGN_STYLE = Automatic;
				DEVELOPMENT_TEAM = 3PTYV272Z4;
				FRAMEWORK_SEARCH_PATHS = (
					"$(inherited)",
					"$(PROJECT_DIR)/Frameworks",
					"$(PROJECT_DIR)",
				);
				INFOPLIST_FILE = "$(SRCROOT)/CardValidationTest/Environment/Info.plist";
				LD_RUNPATH_SEARCH_PATHS = (
					"$(inherited)",
					"@executable_path/Frameworks",
				);
				PRODUCT_BUNDLE_IDENTIFIER = com.ua.kr.ssh.CardValidationTest;
				PRODUCT_NAME = "$(TARGET_NAME)";
				SWIFT_VERSION = 5.0;
				TARGETED_DEVICE_FAMILY = 1;
			};
			name = Release;
		};
/* End XCBuildConfiguration section */

/* Begin XCConfigurationList section */
		84268E18237F0DE000C3E340 /* Build configuration list for PBXProject "CardValidationTest" */ = {
			isa = XCConfigurationList;
			buildConfigurations = (
				84268E2D237F0DE100C3E340 /* Debug */,
				84268E2E237F0DE100C3E340 /* Release */,
			);
			defaultConfigurationIsVisible = 0;
			defaultConfigurationName = Release;
		};
		84268E2F237F0DE100C3E340 /* Build configuration list for PBXNativeTarget "CardValidationTest" */ = {
			isa = XCConfigurationList;
			buildConfigurations = (
				84268E30237F0DE100C3E340 /* Debug */,
				84268E31237F0DE100C3E340 /* Release */,
			);
			defaultConfigurationIsVisible = 0;
			defaultConfigurationName = Release;
		};
/* End XCConfigurationList section */
	};
	rootObject = 84268E15237F0DE000C3E340 /* Project object */;
}
